
Microsoft Visual Studio Solution File, Format Version 12.00
Project("{FAE04EC0-301F-11D3-BF4B-00C04F79EFBC}") = "Gleam.Engine", "src\Gleam.Engine\Gleam.Engine.csproj", "{49356343-9359-4EF5-83C5-62572DC930E3}"
EndProject
Project("{FAE04EC0-301F-11D3-BF4B-00C04F79EFBC}") = "Gleam.Ui", "src\Gleam.UI\Gleam.Ui.csproj", "{C0334E7B-FD8D-43C9-A9A3-5634A8C5460F}"
EndProject
Project("{FAE04EC0-301F-11D3-BF4B-00C04F79EFBC}") = "Gleam.Gestures", "src\Gleam.Gestures\Gleam.Gestures.csproj", "{243E116E-C90F-44B0-8788-07A4BDD93776}"
EndProject
Global
	GlobalSection(SolutionConfigurationPlatforms) = preSolution
		Debug|Any CPU = Debug|Any CPU
		Debug|x64 = Debug|x64
		Debug|x86 = Debug|x86
		Release|Any CPU = Release|Any CPU
		Release|x64 = Release|x64
		Release|x86 = Release|x86
	EndGlobalSection
	GlobalSection(ProjectConfigurationPlatforms) = postSolution
		{49356343-9359-4EF5-83C5-62572DC930E3}.Debug|Any CPU.ActiveCfg = Debug|Any CPU
		{49356343-9359-4EF5-83C5-62572DC930E3}.Debug|Any CPU.Build.0 = Debug|Any CPU
		{49356343-9359-4EF5-83C5-62572DC930E3}.Debug|x64.ActiveCfg = Debug|Any CPU
		{49356343-9359-4EF5-83C5-62572DC930E3}.Debug|x64.Build.0 = Debug|Any CPU
		{49356343-9359-4EF5-83C5-62572DC930E3}.Debug|x86.ActiveCfg = Debug|Any CPU
		{49356343-9359-4EF5-83C5-62572DC930E3}.Debug|x86.Build.0 = Debug|Any CPU
		{49356343-9359-4EF5-83C5-62572DC930E3}.Release|Any CPU.ActiveCfg = Release|Any CPU
		{49356343-9359-4EF5-83C5-62572DC930E3}.Release|Any CPU.Build.0 = Release|Any CPU
		{49356343-9359-4EF5-83C5-62572DC930E3}.Release|x64.ActiveCfg = Release|Any CPU
		{49356343-9359-4EF5-83C5-62572DC930E3}.Release|x64.Build.0 = Release|Any CPU
		{49356343-9359-4EF5-83C5-62572DC930E3}.Release|x86.ActiveCfg = Release|Any CPU
		{49356343-9359-4EF5-83C5-62572DC930E3}.Release|x86.Build.0 = Release|Any CPU
		{C0334E7B-FD8D-43C9-A9A3-5634A8C5460F}.Debug|Any CPU.ActiveCfg = Debug|Any CPU
		{C0334E7B-FD8D-43C9-A9A3-5634A8C5460F}.Debug|Any CPU.Build.0 = Debug|Any CPU
		{C0334E7B-FD8D-43C9-A9A3-5634A8C5460F}.Debug|x64.ActiveCfg = Debug|Any CPU
		{C0334E7B-FD8D-43C9-A9A3-5634A8C5460F}.Debug|x64.Build.0 = Debug|Any CPU
		{C0334E7B-FD8D-43C9-A9A3-5634A8C5460F}.Debug|x86.ActiveCfg = Debug|Any CPU
		{C0334E7B-FD8D-43C9-A9A3-5634A8C5460F}.Debug|x86.Build.0 = Debug|Any CPU
		{C0334E7B-FD8D-43C9-A9A3-5634A8C5460F}.Release|Any CPU.ActiveCfg = Release|Any CPU
		{C0334E7B-FD8D-43C9-A9A3-5634A8C5460F}.Release|Any CPU.Build.0 = Release|Any CPU
		{C0334E7B-FD8D-43C9-A9A3-5634A8C5460F}.Release|x64.ActiveCfg = Release|Any CPU
		{C0334E7B-FD8D-43C9-A9A3-5634A8C5460F}.Release|x64.Build.0 = Release|Any CPU
		{C0334E7B-FD8D-43C9-A9A3-5634A8C5460F}.Release|x86.ActiveCfg = Release|Any CPU
		{C0334E7B-FD8D-43C9-A9A3-5634A8C5460F}.Release|x86.Build.0 = Release|Any CPU
		{243E116E-C90F-44B0-8788-07A4BDD93776}.Debug|Any CPU.ActiveCfg = Debug|Any CPU
		{243E116E-C90F-44B0-8788-07A4BDD93776}.Debug|Any CPU.Build.0 = Debug|Any CPU
		{243E116E-C90F-44B0-8788-07A4BDD93776}.Debug|x64.ActiveCfg = Debug|Any CPU
		{243E116E-C90F-44B0-8788-07A4BDD93776}.Debug|x64.Build.0 = Debug|Any CPU
		{243E116E-C90F-44B0-8788-07A4BDD93776}.Debug|x86.ActiveCfg = Debug|Any CPU
		{243E116E-C90F-44B0-8788-07A4BDD93776}.Debug|x86.Build.0 = Debug|Any CPU
		{243E116E-C90F-44B0-8788-07A4BDD93776}.Release|Any CPU.ActiveCfg = Release|Any CPU
		{243E116E-C90F-44B0-8788-07A4BDD93776}.Release|Any CPU.Build.0 = Release|Any CPU
		{243E116E-C90F-44B0-8788-07A4BDD93776}.Release|x64.ActiveCfg = Release|Any CPU
		{243E116E-C90F-44B0-8788-07A4BDD93776}.Release|x64.Build.0 = Release|Any CPU
		{243E116E-C90F-44B0-8788-07A4BDD93776}.Release|x86.ActiveCfg = Release|Any CPU
		{243E116E-C90F-44B0-8788-07A4BDD93776}.Release|x86.Build.0 = Release|Any CPU
	EndGlobalSection
	GlobalSection(SolutionProperties) = preSolution
		HideSolutionNode = FALSE
	EndGlobalSection
	GlobalSection(NestedProjects) = preSolution
	EndGlobalSection
EndGlobal
